
Microsoft Visual Studio Solution File, Format Version 12.00
# Visual Studio Version 17
VisualStudioVersion = 17.5.33627.172
MinimumVisualStudioVersion = 10.0.40219.1
Project("{9A19103F-16F7-4668-BE54-9A1E7A4F7556}") = "CS_Language", "CS_Language\CS_Language.csproj", "{DD678DEA-1060-45DC-A867-C07DA01CED7B}"
EndProject
Project("{2150E333-8FDC-42A3-9474-1A3956D46DE8}") = "Solution Items", "Solution Items", "{39DCF9F2-E3D8-4170-A67B-14D02CF7F9C2}"
	ProjectSection(SolutionItems) = preProject
		Assignments.md = Assignments.md
		readme.md = readme.md
	EndProjectSection
EndProject
Project("{9A19103F-16F7-4668-BE54-9A1E7A4F7556}") = "CS_Strings", "CS_Strings\CS_Strings.csproj", "{D4C97AF1-0658-4106-A4EF-0045126ECA48}"
EndProject
Project("{9A19103F-16F7-4668-BE54-9A1E7A4F7556}") = "CS_Arrays", "CS_Arrays\CS_Arrays.csproj", "{7B93BE43-CDE0-4258-9D0D-FC6E288B6454}"
EndProject
Project("{9A19103F-16F7-4668-BE54-9A1E7A4F7556}") = "CS_Arrays_Methods", "CS_Arrays_Methods\CS_Arrays_Methods.csproj", "{28B162D6-8F4F-4BCD-9415-D2FCB8C2989E}"
EndProject
Project("{9A19103F-16F7-4668-BE54-9A1E7A4F7556}") = "CS_Methods", "CS_Methods\CS_Methods.csproj", "{ED5570EF-1B71-4602-98EB-805F3AEE8544}"
EndProject
Project("{9A19103F-16F7-4668-BE54-9A1E7A4F7556}") = "CS_Collections", "CS_Collections\CS_Collections.csproj", "{E127F012-4C65-42D5-87FE-AB12CEAEC2CD}"
EndProject
Project("{9A19103F-16F7-4668-BE54-9A1E7A4F7556}") = "CS_Collection_Generics", "CS_Collection_Generics\CS_Collection_Generics.csproj", "{4DA64D41-4D49-4ACB-8B74-A950378ED651}"
EndProject
Project("{2150E333-8FDC-42A3-9474-1A3956D46DE8}") = "OOPs", "OOPs", "{9C9D446E-CB85-4F76-BB44-9FFCF15CED23}"
EndProject
Project("{9A19103F-16F7-4668-BE54-9A1E7A4F7556}") = "CS_SImpleClass", "CS_SImpleClass\CS_SImpleClass.csproj", "{0BB9A776-CC5A-4E67-89F4-C500CD6F69E0}"
EndProject
Project("{9A19103F-16F7-4668-BE54-9A1E7A4F7556}") = "CS_Inheritence", "CS_Inheritence\CS_Inheritence.csproj", "{8F20E056-3EE1-43BD-B9C9-240A001B0AAD}"
EndProject
Project("{9A19103F-16F7-4668-BE54-9A1E7A4F7556}") = "CS_Polymorphsim", "CS_Polymorphsim\CS_Polymorphsim.csproj", "{087F3237-D6A9-4848-A02D-5619B5484DA6}"
EndProject
Project("{9A19103F-16F7-4668-BE54-9A1E7A4F7556}") = "CS_Interfaces", "CS_Interfaces\CS_Interfaces.csproj", "{E98EBE52-7C08-468A-8284-B1CDB0FA34AA}"
EndProject
Project("{9A19103F-16F7-4668-BE54-9A1E7A4F7556}") = "CS_Interface_Polymorphism", "CS_Interface_Polymorphism\CS_Interface_Polymorphism.csproj", "{8C877930-76F0-4A62-B7EC-8432B7D692E3}"
EndProject
Project("{2150E333-8FDC-42A3-9474-1A3956D46DE8}") = "delegate_and_event", "delegate_and_event", "{D89E2AAB-A2C7-49FA-9326-4371C8EFBA61}"
EndProject
Project("{9A19103F-16F7-4668-BE54-9A1E7A4F7556}") = "CS_Delegates", "CS_Delegates\CS_Delegates.csproj", "{1DDB8851-9228-4521-874E-4D4B117DE9B8}"
EndProject
Project("{9A19103F-16F7-4668-BE54-9A1E7A4F7556}") = "CS_Events", "CS_Events\CS_Events.csproj", "{BD7A9AB1-64D7-46D7-89E9-53E66C598BD6}"
EndProject
Project("{9A19103F-16F7-4668-BE54-9A1E7A4F7556}") = "CS_EtensionMethod", "CS_EtensionMethod\CS_EtensionMethod.csproj", "{F67474B9-4D16-4376-A07D-8A2758DA6929}"
EndProject
Project("{9A19103F-16F7-4668-BE54-9A1E7A4F7556}") = "CS_LINQ", "CS_LINQ\CS_LINQ.csproj", "{8C937517-631C-4B01-9270-956C28EE68FF}"
EndProject
Project("{2150E333-8FDC-42A3-9474-1A3956D46DE8}") = "EFCoreApps", "EFCoreApps", "{5829F5DE-2319-409C-94FD-2EE67BFEFFD9}"
EndProject
Project("{9A19103F-16F7-4668-BE54-9A1E7A4F7556}") = "CS_EFCoreDbFirst", "CS_EFCoreDbFirst\CS_EFCoreDbFirst.csproj", "{E59AD3ED-044B-4C58-AFA3-8F18A1EE39CB}"
EndProject
Project("{9A19103F-16F7-4668-BE54-9A1E7A4F7556}") = "CS_EFCoreAppStructure", "CS_EFCoreAppStructure\CS_EFCoreAppStructure.csproj", "{0603DE2B-1CB2-4DBB-8046-EA7527BF003D}"
EndProject
Project("{9A19103F-16F7-4668-BE54-9A1E7A4F7556}") = "CS_EFCoreAppStructureResponseObject", "CS_EFCoreAppStructureResponseObject\CS_EFCoreAppStructureResponseObject.csproj", "{F18C44CF-2FE9-43E1-808F-74157503BEF0}"
EndProject
Project("{2150E333-8FDC-42A3-9474-1A3956D46DE8}") = "EFCore_CodeFIrst", "EFCore_CodeFIrst", "{C3463BB7-BEFC-42D0-ABE9-456E0EE1E450}"
EndProject
Project("{9A19103F-16F7-4668-BE54-9A1E7A4F7556}") = "CS_EFCodeFirst", "CS_EFCodeFirst\CS_EFCodeFirst.csproj", "{1ECC8949-98C3-4C73-AF95-069F479EDA2D}"
EndProject
Project("{2150E333-8FDC-42A3-9474-1A3956D46DE8}") = "WebApps", "WebApps", "{DBB6AD0D-5878-4A13-B373-AA96F3CF301B}"
EndProject
Project("{FAE04EC0-301F-11D3-BF4B-00C04F79EFBC}") = "Core_MVC", "Core_MVC\Core_MVC.csproj", "{54531ECC-CAEB-4EE5-9E32-1208D65F0CBD}"
EndProject
Global
	GlobalSection(SolutionConfigurationPlatforms) = preSolution
		Debug|Any CPU = Debug|Any CPU
		Release|Any CPU = Release|Any CPU
	EndGlobalSection
	GlobalSection(ProjectConfigurationPlatforms) = postSolution
		{DD678DEA-1060-45DC-A867-C07DA01CED7B}.Debug|Any CPU.ActiveCfg = Debug|Any CPU
		{DD678DEA-1060-45DC-A867-C07DA01CED7B}.Debug|Any CPU.Build.0 = Debug|Any CPU
		{DD678DEA-1060-45DC-A867-C07DA01CED7B}.Release|Any CPU.ActiveCfg = Release|Any CPU
		{DD678DEA-1060-45DC-A867-C07DA01CED7B}.Release|Any CPU.Build.0 = Release|Any CPU
		{D4C97AF1-0658-4106-A4EF-0045126ECA48}.Debug|Any CPU.ActiveCfg = Debug|Any CPU
		{D4C97AF1-0658-4106-A4EF-0045126ECA48}.Debug|Any CPU.Build.0 = Debug|Any CPU
		{D4C97AF1-0658-4106-A4EF-0045126ECA48}.Release|Any CPU.ActiveCfg = Release|Any CPU
		{D4C97AF1-0658-4106-A4EF-0045126ECA48}.Release|Any CPU.Build.0 = Release|Any CPU
		{7B93BE43-CDE0-4258-9D0D-FC6E288B6454}.Debug|Any CPU.ActiveCfg = Debug|Any CPU
		{7B93BE43-CDE0-4258-9D0D-FC6E288B6454}.Debug|Any CPU.Build.0 = Debug|Any CPU
		{7B93BE43-CDE0-4258-9D0D-FC6E288B6454}.Release|Any CPU.ActiveCfg = Release|Any CPU
		{7B93BE43-CDE0-4258-9D0D-FC6E288B6454}.Release|Any CPU.Build.0 = Release|Any CPU
		{28B162D6-8F4F-4BCD-9415-D2FCB8C2989E}.Debug|Any CPU.ActiveCfg = Debug|Any CPU
		{28B162D6-8F4F-4BCD-9415-D2FCB8C2989E}.Debug|Any CPU.Build.0 = Debug|Any CPU
		{28B162D6-8F4F-4BCD-9415-D2FCB8C2989E}.Release|Any CPU.ActiveCfg = Release|Any CPU
		{28B162D6-8F4F-4BCD-9415-D2FCB8C2989E}.Release|Any CPU.Build.0 = Release|Any CPU
		{ED5570EF-1B71-4602-98EB-805F3AEE8544}.Debug|Any CPU.ActiveCfg = Debug|Any CPU
		{ED5570EF-1B71-4602-98EB-805F3AEE8544}.Debug|Any CPU.Build.0 = Debug|Any CPU
		{ED5570EF-1B71-4602-98EB-805F3AEE8544}.Release|Any CPU.ActiveCfg = Release|Any CPU
		{ED5570EF-1B71-4602-98EB-805F3AEE8544}.Release|Any CPU.Build.0 = Release|Any CPU
		{E127F012-4C65-42D5-87FE-AB12CEAEC2CD}.Debug|Any CPU.ActiveCfg = Debug|Any CPU
		{E127F012-4C65-42D5-87FE-AB12CEAEC2CD}.Debug|Any CPU.Build.0 = Debug|Any CPU
		{E127F012-4C65-42D5-87FE-AB12CEAEC2CD}.Release|Any CPU.ActiveCfg = Release|Any CPU
		{E127F012-4C65-42D5-87FE-AB12CEAEC2CD}.Release|Any CPU.Build.0 = Release|Any CPU
		{4DA64D41-4D49-4ACB-8B74-A950378ED651}.Debug|Any CPU.ActiveCfg = Debug|Any CPU
		{4DA64D41-4D49-4ACB-8B74-A950378ED651}.Debug|Any CPU.Build.0 = Debug|Any CPU
		{4DA64D41-4D49-4ACB-8B74-A950378ED651}.Release|Any CPU.ActiveCfg = Release|Any CPU
		{4DA64D41-4D49-4ACB-8B74-A950378ED651}.Release|Any CPU.Build.0 = Release|Any CPU
		{0BB9A776-CC5A-4E67-89F4-C500CD6F69E0}.Debug|Any CPU.ActiveCfg = Debug|Any CPU
		{0BB9A776-CC5A-4E67-89F4-C500CD6F69E0}.Debug|Any CPU.Build.0 = Debug|Any CPU
		{0BB9A776-CC5A-4E67-89F4-C500CD6F69E0}.Release|Any CPU.ActiveCfg = Release|Any CPU
		{0BB9A776-CC5A-4E67-89F4-C500CD6F69E0}.Release|Any CPU.Build.0 = Release|Any CPU
		{8F20E056-3EE1-43BD-B9C9-240A001B0AAD}.Debug|Any CPU.ActiveCfg = Debug|Any CPU
		{8F20E056-3EE1-43BD-B9C9-240A001B0AAD}.Debug|Any CPU.Build.0 = Debug|Any CPU
		{8F20E056-3EE1-43BD-B9C9-240A001B0AAD}.Release|Any CPU.ActiveCfg = Release|Any CPU
		{8F20E056-3EE1-43BD-B9C9-240A001B0AAD}.Release|Any CPU.Build.0 = Release|Any CPU
		{087F3237-D6A9-4848-A02D-5619B5484DA6}.Debug|Any CPU.ActiveCfg = Debug|Any CPU
		{087F3237-D6A9-4848-A02D-5619B5484DA6}.Debug|Any CPU.Build.0 = Debug|Any CPU
		{087F3237-D6A9-4848-A02D-5619B5484DA6}.Release|Any CPU.ActiveCfg = Release|Any CPU
		{087F3237-D6A9-4848-A02D-5619B5484DA6}.Release|Any CPU.Build.0 = Release|Any CPU
		{E98EBE52-7C08-468A-8284-B1CDB0FA34AA}.Debug|Any CPU.ActiveCfg = Debug|Any CPU
		{E98EBE52-7C08-468A-8284-B1CDB0FA34AA}.Debug|Any CPU.Build.0 = Debug|Any CPU
		{E98EBE52-7C08-468A-8284-B1CDB0FA34AA}.Release|Any CPU.ActiveCfg = Release|Any CPU
		{E98EBE52-7C08-468A-8284-B1CDB0FA34AA}.Release|Any CPU.Build.0 = Release|Any CPU
		{8C877930-76F0-4A62-B7EC-8432B7D692E3}.Debug|Any CPU.ActiveCfg = Debug|Any CPU
		{8C877930-76F0-4A62-B7EC-8432B7D692E3}.Debug|Any CPU.Build.0 = Debug|Any CPU
		{8C877930-76F0-4A62-B7EC-8432B7D692E3}.Release|Any CPU.ActiveCfg = Release|Any CPU
		{8C877930-76F0-4A62-B7EC-8432B7D692E3}.Release|Any CPU.Build.0 = Release|Any CPU
		{1DDB8851-9228-4521-874E-4D4B117DE9B8}.Debug|Any CPU.ActiveCfg = Debug|Any CPU
		{1DDB8851-9228-4521-874E-4D4B117DE9B8}.Debug|Any CPU.Build.0 = Debug|Any CPU
		{1DDB8851-9228-4521-874E-4D4B117DE9B8}.Release|Any CPU.ActiveCfg = Release|Any CPU
		{1DDB8851-9228-4521-874E-4D4B117DE9B8}.Release|Any CPU.Build.0 = Release|Any CPU
		{BD7A9AB1-64D7-46D7-89E9-53E66C598BD6}.Debug|Any CPU.ActiveCfg = Debug|Any CPU
		{BD7A9AB1-64D7-46D7-89E9-53E66C598BD6}.Debug|Any CPU.Build.0 = Debug|Any CPU
		{BD7A9AB1-64D7-46D7-89E9-53E66C598BD6}.Release|Any CPU.ActiveCfg = Release|Any CPU
		{BD7A9AB1-64D7-46D7-89E9-53E66C598BD6}.Release|Any CPU.Build.0 = Release|Any CPU
		{F67474B9-4D16-4376-A07D-8A2758DA6929}.Debug|Any CPU.ActiveCfg = Debug|Any CPU
		{F67474B9-4D16-4376-A07D-8A2758DA6929}.Debug|Any CPU.Build.0 = Debug|Any CPU
		{F67474B9-4D16-4376-A07D-8A2758DA6929}.Release|Any CPU.ActiveCfg = Release|Any CPU
		{F67474B9-4D16-4376-A07D-8A2758DA6929}.Release|Any CPU.Build.0 = Release|Any CPU
		{8C937517-631C-4B01-9270-956C28EE68FF}.Debug|Any CPU.ActiveCfg = Debug|Any CPU
		{8C937517-631C-4B01-9270-956C28EE68FF}.Debug|Any CPU.Build.0 = Debug|Any CPU
		{8C937517-631C-4B01-9270-956C28EE68FF}.Release|Any CPU.ActiveCfg = Release|Any CPU
		{8C937517-631C-4B01-9270-956C28EE68FF}.Release|Any CPU.Build.0 = Release|Any CPU
		{E59AD3ED-044B-4C58-AFA3-8F18A1EE39CB}.Debug|Any CPU.ActiveCfg = Debug|Any CPU
		{E59AD3ED-044B-4C58-AFA3-8F18A1EE39CB}.Debug|Any CPU.Build.0 = Debug|Any CPU
		{E59AD3ED-044B-4C58-AFA3-8F18A1EE39CB}.Release|Any CPU.ActiveCfg = Release|Any CPU
		{E59AD3ED-044B-4C58-AFA3-8F18A1EE39CB}.Release|Any CPU.Build.0 = Release|Any CPU
		{0603DE2B-1CB2-4DBB-8046-EA7527BF003D}.Debug|Any CPU.ActiveCfg = Debug|Any CPU
		{0603DE2B-1CB2-4DBB-8046-EA7527BF003D}.Debug|Any CPU.Build.0 = Debug|Any CPU
		{0603DE2B-1CB2-4DBB-8046-EA7527BF003D}.Release|Any CPU.ActiveCfg = Release|Any CPU
		{0603DE2B-1CB2-4DBB-8046-EA7527BF003D}.Release|Any CPU.Build.0 = Release|Any CPU
		{F18C44CF-2FE9-43E1-808F-74157503BEF0}.Debug|Any CPU.ActiveCfg = Debug|Any CPU
		{F18C44CF-2FE9-43E1-808F-74157503BEF0}.Debug|Any CPU.Build.0 = Debug|Any CPU
		{F18C44CF-2FE9-43E1-808F-74157503BEF0}.Release|Any CPU.ActiveCfg = Release|Any CPU
		{F18C44CF-2FE9-43E1-808F-74157503BEF0}.Release|Any CPU.Build.0 = Release|Any CPU
		{1ECC8949-98C3-4C73-AF95-069F479EDA2D}.Debug|Any CPU.ActiveCfg = Debug|Any CPU
		{1ECC8949-98C3-4C73-AF95-069F479EDA2D}.Debug|Any CPU.Build.0 = Debug|Any CPU
		{1ECC8949-98C3-4C73-AF95-069F479EDA2D}.Release|Any CPU.ActiveCfg = Release|Any CPU
		{1ECC8949-98C3-4C73-AF95-069F479EDA2D}.Release|Any CPU.Build.0 = Release|Any CPU
		{54531ECC-CAEB-4EE5-9E32-1208D65F0CBD}.Debug|Any CPU.ActiveCfg = Debug|Any CPU
		{54531ECC-CAEB-4EE5-9E32-1208D65F0CBD}.Debug|Any CPU.Build.0 = Debug|Any CPU
		{54531ECC-CAEB-4EE5-9E32-1208D65F0CBD}.Release|Any CPU.ActiveCfg = Release|Any CPU
		{54531ECC-CAEB-4EE5-9E32-1208D65F0CBD}.Release|Any CPU.Build.0 = Release|Any CPU
	EndGlobalSection
	GlobalSection(SolutionProperties) = preSolution
		HideSolutionNode = FALSE
	EndGlobalSection
	GlobalSection(NestedProjects) = preSolution
		{0BB9A776-CC5A-4E67-89F4-C500CD6F69E0} = {9C9D446E-CB85-4F76-BB44-9FFCF15CED23}
		{8F20E056-3EE1-43BD-B9C9-240A001B0AAD} = {9C9D446E-CB85-4F76-BB44-9FFCF15CED23}
		{087F3237-D6A9-4848-A02D-5619B5484DA6} = {9C9D446E-CB85-4F76-BB44-9FFCF15CED23}
		{E98EBE52-7C08-468A-8284-B1CDB0FA34AA} = {9C9D446E-CB85-4F76-BB44-9FFCF15CED23}
		{8C877930-76F0-4A62-B7EC-8432B7D692E3} = {9C9D446E-CB85-4F76-BB44-9FFCF15CED23}
		{1DDB8851-9228-4521-874E-4D4B117DE9B8} = {D89E2AAB-A2C7-49FA-9326-4371C8EFBA61}
		{BD7A9AB1-64D7-46D7-89E9-53E66C598BD6} = {D89E2AAB-A2C7-49FA-9326-4371C8EFBA61}
		{F67474B9-4D16-4376-A07D-8A2758DA6929} = {9C9D446E-CB85-4F76-BB44-9FFCF15CED23}
		{E59AD3ED-044B-4C58-AFA3-8F18A1EE39CB} = {5829F5DE-2319-409C-94FD-2EE67BFEFFD9}
		{0603DE2B-1CB2-4DBB-8046-EA7527BF003D} = {5829F5DE-2319-409C-94FD-2EE67BFEFFD9}
		{F18C44CF-2FE9-43E1-808F-74157503BEF0} = {5829F5DE-2319-409C-94FD-2EE67BFEFFD9}
		{1ECC8949-98C3-4C73-AF95-069F479EDA2D} = {C3463BB7-BEFC-42D0-ABE9-456E0EE1E450}
		{54531ECC-CAEB-4EE5-9E32-1208D65F0CBD} = {DBB6AD0D-5878-4A13-B373-AA96F3CF301B}
	EndGlobalSection
	GlobalSection(ExtensibilityGlobals) = postSolution
		SolutionGuid = {05853856-A66D-4DB8-A0F7-04B9A6F2DE6B}
	EndGlobalSection
EndGlobal
